
Microsoft Visual Studio Solution File, Format Version 12.00
# Visual Studio Version 16
VisualStudioVersion = 16.0.30907.101
MinimumVisualStudioVersion = 10.0.40219.1
Project("{FAE04EC0-301F-11D3-BF4B-00C04F79EFBC}") = "ToolkitXamarin.Android", "ToolkitXamarin\ToolkitXamarin.Android\ToolkitXamarin.Android.csproj", "{D8D9DFAA-9D95-49A2-834A-070EC1033C7D}"
EndProject
Project("{FAE04EC0-301F-11D3-BF4B-00C04F79EFBC}") = "ToolkitXamarin.iOS", "ToolkitXamarin\ToolkitXamarin.iOS\ToolkitXamarin.iOS.csproj", "{4372F4DF-C4EB-4EA1-A75B-DA43A1C906B7}"
EndProject
Project("{FAE04EC0-301F-11D3-BF4B-00C04F79EFBC}") = "ToolkitXamarin", "ToolkitXamarin\ToolkitXamarin\ToolkitXamarin.csproj", "{E3FD893C-A730-45E9-BD44-D821697437B1}"
EndProject
Global
	GlobalSection(SolutionConfigurationPlatforms) = preSolution
		Debug|Any CPU = Debug|Any CPU
		Debug|iPhone = Debug|iPhone
		Debug|iPhoneSimulator = Debug|iPhoneSimulator
		Release|Any CPU = Release|Any CPU
		Release|iPhone = Release|iPhone
		Release|iPhoneSimulator = Release|iPhoneSimulator
	EndGlobalSection
	GlobalSection(ProjectConfigurationPlatforms) = postSolution
		{D8D9DFAA-9D95-49A2-834A-070EC1033C7D}.Debug|Any CPU.ActiveCfg = Debug|Any CPU
		{D8D9DFAA-9D95-49A2-834A-070EC1033C7D}.Debug|Any CPU.Build.0 = Debug|Any CPU
		{D8D9DFAA-9D95-49A2-834A-070EC1033C7D}.Debug|Any CPU.Deploy.0 = Debug|Any CPU
		{D8D9DFAA-9D95-49A2-834A-070EC1033C7D}.Debug|iPhone.ActiveCfg = Debug|Any CPU
		{D8D9DFAA-9D95-49A2-834A-070EC1033C7D}.Debug|iPhone.Build.0 = Debug|Any CPU
		{D8D9DFAA-9D95-49A2-834A-070EC1033C7D}.Debug|iPhone.Deploy.0 = Debug|Any CPU
		{D8D9DFAA-9D95-49A2-834A-070EC1033C7D}.Debug|iPhoneSimulator.ActiveCfg = Debug|Any CPU
		{D8D9DFAA-9D95-49A2-834A-070EC1033C7D}.Debug|iPhoneSimulator.Build.0 = Debug|Any CPU
		{D8D9DFAA-9D95-49A2-834A-070EC1033C7D}.Debug|iPhoneSimulator.Deploy.0 = Debug|Any CPU
		{D8D9DFAA-9D95-49A2-834A-070EC1033C7D}.Release|Any CPU.ActiveCfg = Release|Any CPU
		{D8D9DFAA-9D95-49A2-834A-070EC1033C7D}.Release|Any CPU.Build.0 = Release|Any CPU
		{D8D9DFAA-9D95-49A2-834A-070EC1033C7D}.Release|Any CPU.Deploy.0 = Release|Any CPU
		{D8D9DFAA-9D95-49A2-834A-070EC1033C7D}.Release|iPhone.ActiveCfg = Release|Any CPU
		{D8D9DFAA-9D95-49A2-834A-070EC1033C7D}.Release|iPhone.Build.0 = Release|Any CPU
		{D8D9DFAA-9D95-49A2-834A-070EC1033C7D}.Release|iPhone.Deploy.0 = Release|Any CPU
		{D8D9DFAA-9D95-49A2-834A-070EC1033C7D}.Release|iPhoneSimulator.ActiveCfg = Release|Any CPU
		{D8D9DFAA-9D95-49A2-834A-070EC1033C7D}.Release|iPhoneSimulator.Build.0 = Release|Any CPU
		{D8D9DFAA-9D95-49A2-834A-070EC1033C7D}.Release|iPhoneSimulator.Deploy.0 = Release|Any CPU
		{4372F4DF-C4EB-4EA1-A75B-DA43A1C906B7}.Debug|Any CPU.ActiveCfg = Debug|iPhone
		{4372F4DF-C4EB-4EA1-A75B-DA43A1C906B7}.Debug|Any CPU.Build.0 = Debug|iPhone
		{4372F4DF-C4EB-4EA1-A75B-DA43A1C906B7}.Debug|Any CPU.Deploy.0 = Debug|iPhone
		{4372F4DF-C4EB-4EA1-A75B-DA43A1C906B7}.Debug|iPhone.ActiveCfg = Debug|iPhone
		{4372F4DF-C4EB-4EA1-A75B-DA43A1C906B7}.Debug|iPhone.Build.0 = Debug|iPhone
		{4372F4DF-C4EB-4EA1-A75B-DA43A1C906B7}.Debug|iPhone.Deploy.0 = Debug|iPhone
		{4372F4DF-C4EB-4EA1-A75B-DA43A1C906B7}.Debug|iPhoneSimulator.ActiveCfg = Debug|iPhoneSimulator
		{4372F4DF-C4EB-4EA1-A75B-DA43A1C906B7}.Debug|iPhoneSimulator.Build.0 = Debug|iPhoneSimulator
		{4372F4DF-C4EB-4EA1-A75B-DA43A1C906B7}.Debug|iPhoneSimulator.Deploy.0 = Debug|iPhoneSimulator
		{4372F4DF-C4EB-4EA1-A75B-DA43A1C906B7}.Release|Any CPU.ActiveCfg = Release|iPhoneSimulator
		{4372F4DF-C4EB-4EA1-A75B-DA43A1C906B7}.Release|Any CPU.Build.0 = Release|iPhoneSimulator
		{4372F4DF-C4EB-4EA1-A75B-DA43A1C906B7}.Release|Any CPU.Deploy.0 = Release|iPhoneSimulator
		{4372F4DF-C4EB-4EA1-A75B-DA43A1C906B7}.Release|iPhone.ActiveCfg = Release|iPhone
		{4372F4DF-C4EB-4EA1-A75B-DA43A1C906B7}.Release|iPhone.Build.0 = Release|iPhone
		{4372F4DF-C4EB-4EA1-A75B-DA43A1C906B7}.Release|iPhone.Deploy.0 = Release|iPhone
		{4372F4DF-C4EB-4EA1-A75B-DA43A1C906B7}.Release|iPhoneSimulator.ActiveCfg = Release|iPhoneSimulator
		{4372F4DF-C4EB-4EA1-A75B-DA43A1C906B7}.Release|iPhoneSimulator.Build.0 = Release|iPhoneSimulator
		{4372F4DF-C4EB-4EA1-A75B-DA43A1C906B7}.Release|iPhoneSimulator.Deploy.0 = Release|iPhoneSimulator
		{E3FD893C-A730-45E9-BD44-D821697437B1}.Debug|Any CPU.ActiveCfg = Debug|Any CPU
		{E3FD893C-A730-45E9-BD44-D821697437B1}.Debug|Any CPU.Build.0 = Debug|Any CPU
		{E3FD893C-A730-45E9-BD44-D821697437B1}.Debug|Any CPU.Deploy.0 = Debug|Any CPU
		{E3FD893C-A730-45E9-BD44-D821697437B1}.Debug|iPhone.ActiveCfg = Debug|Any CPU
		{E3FD893C-A730-45E9-BD44-D821697437B1}.Debug|iPhone.Build.0 = Debug|Any CPU
		{E3FD893C-A730-45E9-BD44-D821697437B1}.Debug|iPhone.Deploy.0 = Debug|Any CPU
		{E3FD893C-A730-45E9-BD44-D821697437B1}.Debug|iPhoneSimulator.ActiveCfg = Debug|Any CPU
		{E3FD893C-A730-45E9-BD44-D821697437B1}.Debug|iPhoneSimulator.Build.0 = Debug|Any CPU
		{E3FD893C-A730-45E9-BD44-D821697437B1}.Debug|iPhoneSimulator.Deploy.0 = Debug|Any CPU
		{E3FD893C-A730-45E9-BD44-D821697437B1}.Release|Any CPU.ActiveCfg = Release|Any CPU
		{E3FD893C-A730-45E9-BD44-D821697437B1}.Release|Any CPU.Build.0 = Release|Any CPU
		{E3FD893C-A730-45E9-BD44-D821697437B1}.Release|Any CPU.Deploy.0 = Release|Any CPU
		{E3FD893C-A730-45E9-BD44-D821697437B1}.Release|iPhone.ActiveCfg = Release|Any CPU
		{E3FD893C-A730-45E9-BD44-D821697437B1}.Release|iPhone.Build.0 = Release|Any CPU
		{E3FD893C-A730-45E9-BD44-D821697437B1}.Release|iPhone.Deploy.0 = Release|Any CPU
		{E3FD893C-A730-45E9-BD44-D821697437B1}.Release|iPhoneSimulator.ActiveCfg = Release|Any CPU
		{E3FD893C-A730-45E9-BD44-D821697437B1}.Release|iPhoneSimulator.Build.0 = Release|Any CPU
		{E3FD893C-A730-45E9-BD44-D821697437B1}.Release|iPhoneSimulator.Deploy.0 = Release|Any CPU
	EndGlobalSection
	GlobalSection(SolutionProperties) = preSolution
		HideSolutionNode = FALSE
	EndGlobalSection
	GlobalSection(ExtensibilityGlobals) = postSolution
		SolutionGuid = {627D69BF-2170-437F-85A9-1665382F1A06}
	EndGlobalSection
EndGlobal
